
Microsoft Visual Studio Solution File, Format Version 12.00
# Visual Studio Version 17
VisualStudioVersion = 17.3.32901.215
MinimumVisualStudioVersion = 10.0.40219.1
Project("{8BC9CEB8-8B4A-11D0-8D11-00A0C91BC942}") = "MandelbrotBySiv3D", "MandelbrotBySiv3D\MandelbrotBySiv3D.vcxproj", "{8EA4B726-714D-4D06-9D6E-C829F11036BF}"
EndProject
Global
	GlobalSection(SolutionConfigurationPlatforms) = preSolution
		Debug|x64 = Debug|x64
		Release|x64 = Release|x64
	EndGlobalSection
	GlobalSection(ProjectConfigurationPlatforms) = postSolution
		{8EA4B726-714D-4D06-9D6E-C829F11036BF}.Debug|x64.ActiveCfg = Debug|x64
		{8EA4B726-714D-4D06-9D6E-C829F11036BF}.Debug|x64.Build.0 = Debug|x64
		{8EA4B726-714D-4D06-9D6E-C829F11036BF}.Release|x64.ActiveCfg = Release|x64
		{8EA4B726-714D-4D06-9D6E-C829F11036BF}.Release|x64.Build.0 = Release|x64
	EndGlobalSection
	GlobalSection(SolutionProperties) = preSolution
		HideSolutionNode = FALSE
	EndGlobalSection
	GlobalSection(ExtensibilityGlobals) = postSolution
		SolutionGuid = {7237EE06-BF13-49B2-95F9-0E06FE2697C1}
	EndGlobalSection
EndGlobal
